
Microsoft Visual Studio Solution File, Format Version 12.00
# Visual Studio Version 17
VisualStudioVersion = 17.8.34330.188
MinimumVisualStudioVersion = 10.0.40219.1
Project("{9A19103F-16F7-4668-BE54-9A1E7A4F7556}") = "Domain", "Domain\Domain.csproj", "{1737C6FE-5C37-4C00-997E-9BD36B040061}"
EndProject
Project("{9A19103F-16F7-4668-BE54-9A1E7A4F7556}") = "Infrastructure", "Infrastructure\Infrastructure.csproj", "{439EA2CF-FD1A-423B-9056-7CACFCDDF050}"
EndProject
Project("{9A19103F-16F7-4668-BE54-9A1E7A4F7556}") = "Application", "Application\Application.csproj", "{8DA37BAD-C51C-44D7-BD7A-7737528BAE75}"
EndProject
Project("{9A19103F-16F7-4668-BE54-9A1E7A4F7556}") = "MonochordCapstoneProjectAPI", "MonochordCapstoneProjectAPI\MonochordCapstoneProjectAPI.csproj", "{30501D47-CE44-4883-87D1-348D89A12C7D}"
EndProject
Project("{E53339B2-1760-4266-BCC7-CA923CBCF16C}") = "docker-compose", "docker-compose.dcproj", "{48286D82-4562-46FE-A906-CC00FA709EAA}"
EndProject
Project("{2150E333-8FDC-42A3-9474-1A3956D46DE8}") = "API", "API", "{1B2BD069-CB79-4753-9D95-30299FE60908}"
EndProject
Project("{FAE04EC0-301F-11D3-BF4B-00C04F79EFBC}") = "WebAPI", "WebAPI\WebAPI.csproj", "{E30AB37A-D0C9-4269-BC4F-790C9D3BA232}"
EndProject
Project("{FAE04EC0-301F-11D3-BF4B-00C04F79EFBC}") = "APIGateway", "APIGateway\APIGateway.csproj", "{D3E69305-3DB5-4661-B17A-065379315601}"
EndProject
Project("{2150E333-8FDC-42A3-9474-1A3956D46DE8}") = "Gateway", "Gateway", "{1DC374E2-2E64-4D0C-A372-29DB90E1E299}"
EndProject
Global
	GlobalSection(SolutionConfigurationPlatforms) = preSolution
		Debug|Any CPU = Debug|Any CPU
		Release|Any CPU = Release|Any CPU
	EndGlobalSection
	GlobalSection(ProjectConfigurationPlatforms) = postSolution
		{1737C6FE-5C37-4C00-997E-9BD36B040061}.Debug|Any CPU.ActiveCfg = Debug|Any CPU
		{1737C6FE-5C37-4C00-997E-9BD36B040061}.Debug|Any CPU.Build.0 = Debug|Any CPU
		{1737C6FE-5C37-4C00-997E-9BD36B040061}.Release|Any CPU.ActiveCfg = Release|Any CPU
		{1737C6FE-5C37-4C00-997E-9BD36B040061}.Release|Any CPU.Build.0 = Release|Any CPU
		{439EA2CF-FD1A-423B-9056-7CACFCDDF050}.Debug|Any CPU.ActiveCfg = Debug|Any CPU
		{439EA2CF-FD1A-423B-9056-7CACFCDDF050}.Debug|Any CPU.Build.0 = Debug|Any CPU
		{439EA2CF-FD1A-423B-9056-7CACFCDDF050}.Release|Any CPU.ActiveCfg = Release|Any CPU
		{439EA2CF-FD1A-423B-9056-7CACFCDDF050}.Release|Any CPU.Build.0 = Release|Any CPU
		{8DA37BAD-C51C-44D7-BD7A-7737528BAE75}.Debug|Any CPU.ActiveCfg = Debug|Any CPU
		{8DA37BAD-C51C-44D7-BD7A-7737528BAE75}.Debug|Any CPU.Build.0 = Debug|Any CPU
		{8DA37BAD-C51C-44D7-BD7A-7737528BAE75}.Release|Any CPU.ActiveCfg = Release|Any CPU
		{8DA37BAD-C51C-44D7-BD7A-7737528BAE75}.Release|Any CPU.Build.0 = Release|Any CPU
		{30501D47-CE44-4883-87D1-348D89A12C7D}.Debug|Any CPU.ActiveCfg = Debug|Any CPU
		{30501D47-CE44-4883-87D1-348D89A12C7D}.Debug|Any CPU.Build.0 = Debug|Any CPU
		{30501D47-CE44-4883-87D1-348D89A12C7D}.Release|Any CPU.ActiveCfg = Release|Any CPU
		{30501D47-CE44-4883-87D1-348D89A12C7D}.Release|Any CPU.Build.0 = Release|Any CPU
		{48286D82-4562-46FE-A906-CC00FA709EAA}.Debug|Any CPU.ActiveCfg = Debug|Any CPU
		{48286D82-4562-46FE-A906-CC00FA709EAA}.Debug|Any CPU.Build.0 = Debug|Any CPU
		{48286D82-4562-46FE-A906-CC00FA709EAA}.Release|Any CPU.ActiveCfg = Release|Any CPU
		{48286D82-4562-46FE-A906-CC00FA709EAA}.Release|Any CPU.Build.0 = Release|Any CPU
		{E30AB37A-D0C9-4269-BC4F-790C9D3BA232}.Debug|Any CPU.ActiveCfg = Debug|Any CPU
		{E30AB37A-D0C9-4269-BC4F-790C9D3BA232}.Debug|Any CPU.Build.0 = Debug|Any CPU
		{E30AB37A-D0C9-4269-BC4F-790C9D3BA232}.Release|Any CPU.ActiveCfg = Release|Any CPU
		{E30AB37A-D0C9-4269-BC4F-790C9D3BA232}.Release|Any CPU.Build.0 = Release|Any CPU
		{D3E69305-3DB5-4661-B17A-065379315601}.Debug|Any CPU.ActiveCfg = Debug|Any CPU
		{D3E69305-3DB5-4661-B17A-065379315601}.Debug|Any CPU.Build.0 = Debug|Any CPU
		{D3E69305-3DB5-4661-B17A-065379315601}.Release|Any CPU.ActiveCfg = Release|Any CPU
		{D3E69305-3DB5-4661-B17A-065379315601}.Release|Any CPU.Build.0 = Release|Any CPU
	EndGlobalSection
	GlobalSection(SolutionProperties) = preSolution
		HideSolutionNode = FALSE
	EndGlobalSection
	GlobalSection(NestedProjects) = preSolution
		{30501D47-CE44-4883-87D1-348D89A12C7D} = {1B2BD069-CB79-4753-9D95-30299FE60908}
		{E30AB37A-D0C9-4269-BC4F-790C9D3BA232} = {1B2BD069-CB79-4753-9D95-30299FE60908}
		{D3E69305-3DB5-4661-B17A-065379315601} = {1DC374E2-2E64-4D0C-A372-29DB90E1E299}
	EndGlobalSection
	GlobalSection(ExtensibilityGlobals) = postSolution
		SolutionGuid = {45AD2C80-3EB4-49B0-81D7-F8DCE19B85DB}
	EndGlobalSection
EndGlobal
